<?xml version="1.0" encoding="utf-8"?>
<Project ToolsVersion="4.0" xmlns="http://schemas.microsoft.com/developer/msbuild/2003">
  <ItemGroup>
    <Filter Include="Source Files">
      <UniqueIdentifier>{4FC737F1-C7A5-4376-A066-2A32D752A2FF}</UniqueIdentifier>
      <Extensions>cpp;c;cc;cxx;def;odl;idl;hpj;bat;asm;asmx</Extensions>
    </Filter>
    <Filter Include="Header Files">
      <UniqueIdentifier>{93995380-89BD-4b04-88EB-625FBE52EBFB}</UniqueIdentifier>
      <Extensions>h;hh;hpp;hxx;hm;inl;inc;xsd</Extensions>
    </Filter>
    <Filter Include="Resource Files">
      <UniqueIdentifier>{67DA6AB6-F800-4c08-8B7A-83BB121AAD01}</UniqueIdentifier>
      <Extensions>rc;ico;cur;bmp;dlg;rc2;rct;bin;rgs;gif;jpg;jpeg;jpe;resx;tiff;tif;png;wav;mfcribbon-ms</Extensions>
    </Filter>
  </ItemGroup>
  <ItemGroup>
    <ClCompile Include="src\main.cpp">
      <Filter>Source Files</Filter>
    </ClCompile>
    <ClCompile Include="src\Application.cpp">
      <Filter>Source Files</Filter>
    </ClCompile>
    <ClCompile Include="src\States\StateMachine.cpp">
      <Filter>Source Files</Filter>
    </ClCompile>
    <ClCompile Include="src\World\Blocks\BlockRegistry.cpp">
      <Filter>Source Files</Filter>
    </ClCompile>
    <ClCompile Include="src\World\Chunk\Chunk.cpp">
      <Filter>Source Files</Filter>
    </ClCompile>
    <ClCompile Include="src\Math\Vector3.cpp">
      <Filter>Source Files</Filter>
    </ClCompile>
    <ClCompile Include="src\World\Chunk\World.cpp">
      <Filter>Source Files</Filter>
    </ClCompile>
    <ClCompile Include="src\World\Blocks\Block.cpp">
      <Filter>Source Files</Filter>
    </ClCompile>
    <ClCompile Include="src\States\TestState.cpp">
      <Filter>Source Files</Filter>
    </ClCompile>
    <ClCompile Include="src\Profiling\ScopeTimer.cpp">
      <Filter>Source Files</Filter>
    </ClCompile>
    <ClCompile Include="src\World\Generation\ChunkGenerator\MonoBlockGenerator.cpp">
      <Filter>Source Files</Filter>
    </ClCompile>
    <ClCompile Include="src\World\Generation\ChunkGenerator\RandomBlockGenerator.cpp">
      <Filter>Source Files</Filter>
    </ClCompile>
    <ClCompile Include="src\Math\Vector2.cpp">
      <Filter>Source Files</Filter>
    </ClCompile>
    <ClCompile Include="src\Utilities\ThreadPool.cpp">
      <Filter>Source Files</Filter>
    </ClCompile>
    <ClCompile Include="src\Math\AABB.cpp">
      <Filter>Source Files</Filter>
    </ClCompile>
    <ClCompile Include="src\Math\Frustum.cpp">
      <Filter>Source Files</Filter>
    </ClCompile>
    <ClCompile Include="src\Math\Plane.cpp">
      <Filter>Source Files</Filter>
    </ClCompile>
    <ClCompile Include="src\World\Chunk\MetaChunk.cpp">
      <Filter>Source Files</Filter>
    </ClCompile>
    <ClCompile Include="src\World\Generation\ChunkGenerator\TerrainGenPipeline.cpp">
      <Filter>Source Files</Filter>
    </ClCompile>
    <ClCompile Include="src\Lighting\LightNode.cpp">
      <Filter>Source Files</Filter>
    </ClCompile>
    <ClCompile Include="src\Math\VoxelRaycast.cpp">
      <Filter>Source Files</Filter>
    </ClCompile>
    <ClCompile Include="src\Lighting\BlockLightingSystem.cpp">
      <Filter>Source Files</Filter>
    </ClCompile>
    <ClCompile Include="src\World\Generation\Biome\Biome.cpp">
      <Filter>Source Files</Filter>
    </ClCompile>
    <ClCompile Include="src\World\Generation\Biome\BiomeMap.cpp">
      <Filter>Source Files</Filter>
    </ClCompile>
    <ClCompile Include="src\World\Generation\Biome\BiomeRegistry.cpp">
      <Filter>Source Files</Filter>
    </ClCompile>
    <ClCompile Include="src\World\Generation\Biome\BiomeGeneratorCache.cpp">
      <Filter>Source Files</Filter>
    </ClCompile>
    <ClCompile Include="src\World\Generation\Composition\BiomeInterpolatedComposer.cpp">
      <Filter>Source Files</Filter>
    </ClCompile>
    <ClCompile Include="src\World\Chunk\PaddedChunk.cpp">
      <Filter>Source Files</Filter>
    </ClCompile>
    <ClCompile Include="src\OpenGL\IndexBuffer.cpp">
      <Filter>Source Files</Filter>
    </ClCompile>
    <ClCompile Include="src\OpenGL\Material.cpp">
      <Filter>Source Files</Filter>
    </ClCompile>
    <ClCompile Include="src\OpenGL\Shader.cpp">
      <Filter>Source Files</Filter>
    </ClCompile>
    <ClCompile Include="src\OpenGL\TextureCube.cpp">
      <Filter>Source Files</Filter>
    </ClCompile>
    <ClCompile Include="src\OpenGL\VertexArray.cpp">
      <Filter>Source Files</Filter>
    </ClCompile>
    <ClCompile Include="src\OpenGL\VertexBuffer.cpp">
      <Filter>Source Files</Filter>
    </ClCompile>
    <ClCompile Include="src\Rendering\Mesh\ChunkMesh.cpp">
      <Filter>Source Files</Filter>
    </ClCompile>
    <ClCompile Include="src\Rendering\Mesh\ChunkMeshingSystem.cpp">
      <Filter>Source Files</Filter>
    </ClCompile>
    <ClCompile Include="src\Rendering\Texture\TextureAtlas.cpp">
      <Filter>Source Files</Filter>
    </ClCompile>
    <ClCompile Include="src\Rendering\Texture\TextureCoords.cpp">
      <Filter>Source Files</Filter>
    </ClCompile>
    <ClCompile Include="src\Rendering\ChunkRenderer.cpp">
      <Filter>Source Files</Filter>
    </ClCompile>
    <ClCompile Include="src\Rendering\Renderer.cpp">
      <Filter>Source Files</Filter>
    </ClCompile>
    <ClCompile Include="src\OpenGL\TextureArray.cpp">
      <Filter>Source Files</Filter>
    </ClCompile>
    <ClCompile Include="src\OpenGL\Texture2D.cpp">
      <Filter>Source Files</Filter>
    </ClCompile>
    <ClCompile Include="src\Rendering\Mesh\FullChunkMesh.cpp">
      <Filter>Source Files</Filter>
    </ClCompile>
    <ClCompile Include="src\World\Generation\Heightmap\BiomeInterpolatedHeightGen.cpp">
      <Filter>Source Files</Filter>
    </ClCompile>
    <ClCompile Include="src\World\Generation\Heightmap\FlatHeightmapGenerator.cpp">
      <Filter>Source Files</Filter>
    </ClCompile>
    <ClCompile Include="src\World\Generation\Heightmap\Heightmap.cpp">
      <Filter>Source Files</Filter>
    </ClCompile>
    <ClCompile Include="src\World\Generation\Heightmap\HeightmapGeneratorCache.cpp">
      <Filter>Source Files</Filter>
    </ClCompile>
    <ClCompile Include="src\World\Generation\Biome\PerlinBiomeGenerator.cpp">
      <Filter>Source Files</Filter>
    </ClCompile>
    <ClCompile Include="src\Rendering\Camera\PerspectiveCamera.cpp">
      <Filter>Source Files</Filter>
    </ClCompile>
    <ClCompile Include="src\Rendering\Camera\OrthographpicCamera.cpp">
      <Filter>Source Files</Filter>
    </ClCompile>
    <ClCompile Include="src\Math\Noise\CellularNoise.cpp">
      <Filter>Source Files</Filter>
    </ClCompile>
    <ClCompile Include="src\Math\Noise\SimplexNoise.cpp">
      <Filter>Source Files</Filter>
    </ClCompile>
    <ClCompile Include="src\Math\CoordinateConversion.cpp">
      <Filter>Source Files</Filter>
    </ClCompile>
    <ClCompile Include="src\Lighting\LightPropogator.cpp">
      <Filter>Source Files</Filter>
    </ClCompile>
    <ClCompile Include="src\BlockRendering\BlockModel\CrossBlockModel.cpp">
      <Filter>Source Files</Filter>
    </ClCompile>
    <ClCompile Include="src\BlockRendering\BlockModel\CubeBlockModel.cpp">
      <Filter>Source Files</Filter>
    </ClCompile>
    <ClCompile Include="src\BlockRendering\BlockModel\LiquidBlockModel.cpp">
      <Filter>Source Files</Filter>
    </ClCompile>
    <ClCompile Include="src\BlockRendering\BlockModel\ModelVariants.cpp">
      <Filter>Source Files</Filter>
    </ClCompile>
    <ClCompile Include="src\Rendering\Renderer2D.cpp">
      <Filter>Source Files</Filter>
    </ClCompile>
  </ItemGroup>
  <ItemGroup>
    <ClInclude Include="src\Application.h">
      <Filter>Header Files</Filter>
    </ClInclude>
    <ClInclude Include="src\States\IState.h">
      <Filter>Header Files</Filter>
    </ClInclude>
    <ClInclude Include="src\States\StateMachine.h">
      <Filter>Header Files</Filter>
    </ClInclude>
    <ClInclude Include="src\World\Blocks\BlockRegistry.h">
      <Filter>Header Files</Filter>
    </ClInclude>
    <ClInclude Include="src\World\Blocks\BlockDefs.h">
      <Filter>Header Files</Filter>
    </ClInclude>
    <ClInclude Include="src\World\Chunk\Chunk.h">
      <Filter>Header Files</Filter>
    </ClInclude>
    <ClInclude Include="src\Math\Vector3.h">
      <Filter>Header Files</Filter>
    </ClInclude>
    <ClInclude Include="src\World\Chunk\World.h">
      <Filter>Header Files</Filter>
    </ClInclude>
    <ClInclude Include="src\Math\Directions.h">
      <Filter>Header Files</Filter>
    </ClInclude>
    <ClInclude Include="src\World\Blocks\Block.h">
      <Filter>Header Files</Filter>
    </ClInclude>
    <ClInclude Include="src\States\TestState.h">
      <Filter>Header Files</Filter>
    </ClInclude>
    <ClInclude Include="src\Profiling\ScopeTimer.h">
      <Filter>Header Files</Filter>
    </ClInclude>
    <ClInclude Include="src\World\Generation\ChunkGenerator\IChunkGenerator.h">
      <Filter>Header Files</Filter>
    </ClInclude>
    <ClInclude Include="src\World\Generation\ChunkGenerator\MonoBlockGenerator.h">
      <Filter>Header Files</Filter>
    </ClInclude>
    <ClInclude Include="src\World\Generation\ChunkGenerator\RandomBlockGenerator.h">
      <Filter>Header Files</Filter>
    </ClInclude>
    <ClInclude Include="src\Math\Vector2.h">
      <Filter>Header Files</Filter>
    </ClInclude>
    <ClInclude Include="src\Utilities\ThreadPool.h">
      <Filter>Header Files</Filter>
    </ClInclude>
    <ClInclude Include="src\Math\AABB.h">
      <Filter>Header Files</Filter>
    </ClInclude>
    <ClInclude Include="src\Math\Frustum.h">
      <Filter>Header Files</Filter>
    </ClInclude>
    <ClInclude Include="src\Math\Plane.h">
      <Filter>Header Files</Filter>
    </ClInclude>
    <ClInclude Include="src\World\Chunk\MetaChunk.h">
      <Filter>Header Files</Filter>
    </ClInclude>
    <ClInclude Include="src\World\Generation\ChunkGenerator\TerrainGenPipeline.h">
      <Filter>Header Files</Filter>
    </ClInclude>
    <ClInclude Include="src\World\Generation\Decoration\ITerrainDecorator.h">
      <Filter>Header Files</Filter>
    </ClInclude>
    <ClInclude Include="src\World\Generation\Composition\ITerrainComposer.h">
      <Filter>Header Files</Filter>
    </ClInclude>
    <ClInclude Include="src\Lighting\LightNode.h">
      <Filter>Header Files</Filter>
    </ClInclude>
    <ClInclude Include="src\Math\VoxelRaycast.h">
      <Filter>Header Files</Filter>
    </ClInclude>
    <ClInclude Include="src\Lighting\BlockLightingSystem.h">
      <Filter>Header Files</Filter>
    </ClInclude>
    <ClInclude Include="src\World\Generation\Biome\Biome.h">
      <Filter>Header Files</Filter>
    </ClInclude>
    <ClInclude Include="src\World\Generation\Biome\BiomeDefs.h">
      <Filter>Header Files</Filter>
    </ClInclude>
    <ClInclude Include="src\World\Generation\Biome\BiomeMap.h">
      <Filter>Header Files</Filter>
    </ClInclude>
    <ClInclude Include="src\Lighting\LightDefs.h">
      <Filter>Header Files</Filter>
    </ClInclude>
    <ClInclude Include="src\World\Generation\Biome\BiomeRegistry.h">
      <Filter>Header Files</Filter>
    </ClInclude>
    <ClInclude Include="src\World\Generation\Biome\BiomeGeneratorCache.h">
      <Filter>Header Files</Filter>
    </ClInclude>
    <ClInclude Include="src\World\Generation\Composition\BiomeInterpolatedComposer.h">
      <Filter>Header Files</Filter>
    </ClInclude>
    <ClInclude Include="src\Utilities\Flat2DArray.h">
      <Filter>Header Files</Filter>
    </ClInclude>
    <ClInclude Include="src\World\Chunk\PaddedChunk.h">
      <Filter>Header Files</Filter>
    </ClInclude>
    <ClInclude Include="src\OpenGL\IndexBuffer.h">
      <Filter>Header Files</Filter>
    </ClInclude>
    <ClInclude Include="src\OpenGL\Material.h">
      <Filter>Header Files</Filter>
    </ClInclude>
    <ClInclude Include="src\OpenGL\Shader.h">
      <Filter>Header Files</Filter>
    </ClInclude>
    <ClInclude Include="src\OpenGL\TextureCube.h">
      <Filter>Header Files</Filter>
    </ClInclude>
    <ClInclude Include="src\OpenGL\VertexArray.h">
      <Filter>Header Files</Filter>
    </ClInclude>
    <ClInclude Include="src\OpenGL\VertexBuffer.h">
      <Filter>Header Files</Filter>
    </ClInclude>
    <ClInclude Include="src\Rendering\Mesh\ChunkMesh.h">
      <Filter>Header Files</Filter>
    </ClInclude>
    <ClInclude Include="src\Rendering\Mesh\ChunkMeshingSystem.h">
      <Filter>Header Files</Filter>
    </ClInclude>
    <ClInclude Include="src\Rendering\Texture\TextureAtlas.h">
      <Filter>Header Files</Filter>
    </ClInclude>
    <ClInclude Include="src\Rendering\Texture\TextureCoords.h">
      <Filter>Header Files</Filter>
    </ClInclude>
    <ClInclude Include="src\Rendering\ChunkRenderer.h">
      <Filter>Header Files</Filter>
    </ClInclude>
    <ClInclude Include="src\Rendering\Renderer.h">
      <Filter>Header Files</Filter>
    </ClInclude>
    <ClInclude Include="src\Rendering\Mesh\CubeFaces.h">
      <Filter>Header Files</Filter>
    </ClInclude>
    <ClInclude Include="src\Rendering\Mesh\Quad.h">
      <Filter>Header Files</Filter>
    </ClInclude>
    <ClInclude Include="src\Geometry\BlockFaces.h">
      <Filter>Header Files</Filter>
    </ClInclude>
    <ClInclude Include="src\OpenGL\TextureArray.h">
      <Filter>Header Files</Filter>
    </ClInclude>
    <ClInclude Include="src\OpenGL\Texture2D.h">
      <Filter>Header Files</Filter>
    </ClInclude>
    <ClInclude Include="src\OpenGL\Texture.h">
      <Filter>Header Files</Filter>
    </ClInclude>
    <ClInclude Include="src\Rendering\Mesh\FullChunkMesh.h">
      <Filter>Header Files</Filter>
    </ClInclude>
    <ClInclude Include="src\World\Generation\Heightmap\BiomeInterpolatedHeightGen.h">
      <Filter>Header Files</Filter>
    </ClInclude>
    <ClInclude Include="src\World\Generation\Heightmap\FlatHeightmapGenerator.h">
      <Filter>Header Files</Filter>
    </ClInclude>
    <ClInclude Include="src\World\Generation\Heightmap\Heightmap.h">
      <Filter>Header Files</Filter>
    </ClInclude>
    <ClInclude Include="src\World\Generation\Heightmap\HeightmapGeneratorCache.h">
      <Filter>Header Files</Filter>
    </ClInclude>
    <ClInclude Include="src\World\Generation\Heightmap\IHeightmapGenerator.h">
      <Filter>Header Files</Filter>
    </ClInclude>
    <ClInclude Include="src\World\Generation\Biome\IBiomeGenerator.h">
      <Filter>Header Files</Filter>
    </ClInclude>
    <ClInclude Include="src\World\Generation\Biome\PerlinBiomeGenerator.h">
      <Filter>Header Files</Filter>
    </ClInclude>
    <ClInclude Include="src\Rendering\Camera\ICamera.h">
      <Filter>Header Files</Filter>
    </ClInclude>
    <ClInclude Include="src\Rendering\Camera\PerspectiveCamera.h">
      <Filter>Header Files</Filter>
    </ClInclude>
    <ClInclude Include="src\Rendering\Camera\OrthographpicCamera.h">
      <Filter>Header Files</Filter>
    </ClInclude>
    <ClInclude Include="src\World\Events\WorldEvent.h">
      <Filter>Header Files</Filter>
    </ClInclude>
    <ClInclude Include="src\World\Events\Events.h">
      <Filter>Header Files</Filter>
    </ClInclude>
    <ClInclude Include="src\World\Events\IWorldObserver.h">
      <Filter>Header Files</Filter>
    </ClInclude>
    <ClInclude Include="src\Math\Noise\CellularNoise.h">
      <Filter>Header Files</Filter>
    </ClInclude>
    <ClInclude Include="src\Math\Noise\SimplexNoise.h">
      <Filter>Header Files</Filter>
    </ClInclude>
    <ClInclude Include="src\Math\CoordinateConversion.h">
      <Filter>Header Files</Filter>
    </ClInclude>
    <ClInclude Include="src\Lighting\LightPropogator.h">
      <Filter>Header Files</Filter>
    </ClInclude>
    <ClInclude Include="src\BlockRendering\BlockModel\CrossBlockModel.h">
      <Filter>Header Files</Filter>
    </ClInclude>
    <ClInclude Include="src\BlockRendering\BlockModel\CubeBlockModel.h">
      <Filter>Header Files</Filter>
    </ClInclude>
    <ClInclude Include="src\BlockRendering\BlockModel\IBlockModel.h">
      <Filter>Header Files</Filter>
    </ClInclude>
    <ClInclude Include="src\BlockRendering\BlockModel\LiquidBlockModel.h">
      <Filter>Header Files</Filter>
    </ClInclude>
    <ClInclude Include="src\BlockRendering\BlockModel\ModelVariants.h">
      <Filter>Header Files</Filter>
    </ClInclude>
    <ClInclude Include="src\Rendering\Renderer2D.h">
      <Filter>Header Files</Filter>
    </ClInclude>
  </ItemGroup>
  <ItemGroup>
    <None Include="shaders\chunkShader.fs" />
    <None Include="shaders\chunkShader.vs" />
    <None Include="shaders\basicShader.vs" />
    <None Include="shaders\colorShader.fs" />
  </ItemGroup>
</Project>